
Microsoft Visual Studio Solution File, Format Version 12.00
# Visual Studio Version 16
VisualStudioVersion = 16.0.30105.148
MinimumVisualStudioVersion = 10.0.40219.1
Project("{9A19103F-16F7-4668-BE54-9A1E7A4F7556}") = "Project Euler", "ProjectEuler\Project Euler.csproj", "{9D1B0643-1C61-4592-9035-B1F137B8441E}"
EndProject
Project("{9A19103F-16F7-4668-BE54-9A1E7A4F7556}") = "ProjectEulerTests", "ProjectEulerTests\ProjectEulerTests.csproj", "{1748D3DE-1E65-401A-B512-DA8DFBC31577}"
	ProjectSection(ProjectDependencies) = postProject
		{9D1B0643-1C61-4592-9035-B1F137B8441E} = {9D1B0643-1C61-4592-9035-B1F137B8441E}
	EndProjectSection
EndProject
Global
	GlobalSection(SolutionConfigurationPlatforms) = preSolution
		Debug|Any CPU = Debug|Any CPU
		Release|Any CPU = Release|Any CPU
	EndGlobalSection
	GlobalSection(ProjectConfigurationPlatforms) = postSolution
		{9D1B0643-1C61-4592-9035-B1F137B8441E}.Debug|Any CPU.ActiveCfg = Debug|Any CPU
		{9D1B0643-1C61-4592-9035-B1F137B8441E}.Debug|Any CPU.Build.0 = Debug|Any CPU
		{9D1B0643-1C61-4592-9035-B1F137B8441E}.Release|Any CPU.ActiveCfg = Release|Any CPU
		{9D1B0643-1C61-4592-9035-B1F137B8441E}.Release|Any CPU.Build.0 = Release|Any CPU
		{1748D3DE-1E65-401A-B512-DA8DFBC31577}.Debug|Any CPU.ActiveCfg = Debug|Any CPU
		{1748D3DE-1E65-401A-B512-DA8DFBC31577}.Debug|Any CPU.Build.0 = Debug|Any CPU
		{1748D3DE-1E65-401A-B512-DA8DFBC31577}.Release|Any CPU.ActiveCfg = Release|Any CPU
		{1748D3DE-1E65-401A-B512-DA8DFBC31577}.Release|Any CPU.Build.0 = Release|Any CPU
	EndGlobalSection
	GlobalSection(SolutionProperties) = preSolution
		HideSolutionNode = FALSE
	EndGlobalSection
	GlobalSection(ExtensibilityGlobals) = postSolution
		SolutionGuid = {80B6BF87-0707-4B00-B968-E302FE936095}
	EndGlobalSection
EndGlobal
